<?xml version="1.0" encoding="utf-8"?>
<Project ToolsVersion="4.0" xmlns="http://schemas.microsoft.com/developer/msbuild/2003">
  <ItemGroup>
    <Filter Include="Resources">
      <UniqueIdentifier>{67DA6AB6-F800-4c08-8B7A-83BB121AAD01}</UniqueIdentifier>
      <Extensions>rc;ico;cur;bmp;dlg;rc2;rct;bin;rgs;gif;jpg;jpeg;jpe;resx;tiff;tif;png;wav;mfcribbon-ms</Extensions>
    </Filter>
    <Filter Include="Sources">
      <UniqueIdentifier>{4FC737F1-C7A5-4376-A066-2A32D752A2FF}</UniqueIdentifier>
      <Extensions>cpp;c;cc;cxx;c++;cppm;ixx;def;odl;idl;hpj;bat;asm;asmx</Extensions>
    </Filter>
    <Filter Include="Sources\Audio">
      <UniqueIdentifier>{a77e6236-8acf-421c-a12f-8e93052af5a4}</UniqueIdentifier>
    </Filter>
    <Filter Include="Sources\Core">
      <UniqueIdentifier>{b7655538-3725-419f-8d36-652cc6869987}</UniqueIdentifier>
    </Filter>
    <Filter Include="Sources\Framework">
      <UniqueIdentifier>{0a801de5-fc14-4bb1-a880-81af561310d1}</UniqueIdentifier>
    </Filter>
    <Filter Include="Sources\Input">
      <UniqueIdentifier>{9c5bd4d2-05a7-4b32-9233-5d6f273be63c}</UniqueIdentifier>
    </Filter>
    <Filter Include="Sources\Math">
      <UniqueIdentifier>{b71d890a-3d00-4c79-a4ac-bd5b4e1fc626}</UniqueIdentifier>
    </Filter>
    <Filter Include="Sources\Graphics">
      <UniqueIdentifier>{60ecd5e7-c6bf-4b1b-932c-268c21c29ebd}</UniqueIdentifier>
    </Filter>
    <Filter Include="Sources\Object">
      <UniqueIdentifier>{0bc61ff4-b56e-4b95-9f04-d06ef407bf1b}</UniqueIdentifier>
    </Filter>
    <Filter Include="Sources\Resource">
      <UniqueIdentifier>{f8c86837-8747-4d7f-a6a6-c32bcfbfd3c8}</UniqueIdentifier>
    </Filter>
  </ItemGroup>
  <ItemGroup>
    <ClCompile Include="Engine.cpp">
      <Filter>Sources</Filter>
    </ClCompile>
    <ClCompile Include="Math\Random.cpp">
      <Filter>Sources\Math</Filter>
    </ClCompile>
    <ClCompile Include="Math\Transform.cpp">
      <Filter>Sources\Math</Filter>
    </ClCompile>
    <ClCompile Include="Math\Vector2.cpp">
      <Filter>Sources\Math</Filter>
    </ClCompile>
    <ClCompile Include="Math\Color.cpp">
      <Filter>Sources\Math</Filter>
    </ClCompile>
    <ClCompile Include="Object\Actor.cpp">
      <Filter>Sources\Object</Filter>
    </ClCompile>
    <ClCompile Include="Object\Scene.cpp">
      <Filter>Sources\Object</Filter>
    </ClCompile>
    <ClCompile Include="Framework\EventSystem.cpp">
      <Filter>Sources\Framework</Filter>
    </ClCompile>
    <ClCompile Include="Core\FileSystem.cpp">
      <Filter>Sources\Core</Filter>
    </ClCompile>
    <ClCompile Include="Graphics\Renderer.cpp">
      <Filter>Sources\Graphics</Filter>
    </ClCompile>
    <ClCompile Include="Graphics\Texture.cpp">
      <Filter>Sources\Graphics</Filter>
    </ClCompile>
    <ClCompile Include="Input\InputSystem.cpp">
      <Filter>Sources\Input</Filter>
    </ClCompile>
    <ClCompile Include="Core\Timer.cpp">
      <Filter>Sources\Core</Filter>
    </ClCompile>
  </ItemGroup>
  <ItemGroup>
    <ClInclude Include="Math\Matrix22.h">
      <Filter>Sources\Math</Filter>
    </ClInclude>
    <ClInclude Include="Math\Matrix33.h">
      <Filter>Sources\Math</Filter>
    </ClInclude>
    <ClInclude Include="Math\Random.h">
      <Filter>Sources\Math</Filter>
    </ClInclude>
    <ClInclude Include="Math\Transform.h">
      <Filter>Sources\Math</Filter>
    </ClInclude>
    <ClInclude Include="Math\Vector2.h">
      <Filter>Sources\Math</Filter>
    </ClInclude>
    <ClInclude Include="Math\Color.h">
      <Filter>Sources\Math</Filter>
    </ClInclude>
    <ClInclude Include="Math\MathUtils.h">
      <Filter>Sources\Math</Filter>
    </ClInclude>
    <ClInclude Include="Resource\ResourceSystem.h">
      <Filter>Sources\Resource</Filter>
    </ClInclude>
    <ClInclude Include="Object\Actor.h">
      <Filter>Sources\Object</Filter>
    </ClInclude>
    <ClInclude Include="Object\Object.h">
      <Filter>Sources\Object</Filter>
    </ClInclude>
    <ClInclude Include="Object\Scene.h">
      <Filter>Sources\Object</Filter>
    </ClInclude>
    <ClInclude Include="Framework\EventSystem.h">
      <Filter>Sources\Framework</Filter>
    </ClInclude>
    <ClInclude Include="Framework\System.h">
      <Filter>Sources\Framework</Filter>
    </ClInclude>
    <ClInclude Include="Engine.h">
      <Filter>Sources</Filter>
    </ClInclude>
    <ClInclude Include="Core\FileSystem.h">
      <Filter>Sources\Core</Filter>
    </ClInclude>
    <ClInclude Include="Graphics\Renderer.h">
      <Filter>Sources\Graphics</Filter>
    </ClInclude>
    <ClInclude Include="Graphics\Texture.h">
      <Filter>Sources\Graphics</Filter>
    </ClInclude>
    <ClInclude Include="Resource\Resource.h">
      <Filter>Sources\Resource</Filter>
    </ClInclude>
    <ClInclude Include="Input\InputSystem.h">
      <Filter>Sources\Input</Filter>
    </ClInclude>
    <ClInclude Include="Core\Timer.h">
      <Filter>Sources\Core</Filter>
    </ClInclude>
  </ItemGroup>
</Project>